
Microsoft Visual Studio Solution File, Format Version 12.00
# Visual Studio Version 16
VisualStudioVersion = 16.0.30523.141
MinimumVisualStudioVersion = 10.0.40219.1
Project("{FAE04EC0-301F-11D3-BF4B-00C04F79EFBC}") = "Inventory.Web.Api", "Inventory.Web.Api\Inventory.Web.Api.csproj", "{7D3C1498-A111-41C9-8D3D-CCE4C822616D}"
EndProject
Project("{FAE04EC0-301F-11D3-BF4B-00C04F79EFBC}") = "Inventory.Data", "Inventory.Data\Inventory.Data.csproj", "{371086B0-7D28-4799-9160-6614262D4591}"
EndProject
Project("{FAE04EC0-301F-11D3-BF4B-00C04F79EFBC}") = "Inventory.Business", "Inventory.Business\Inventory.Business.csproj", "{E8EE310E-573A-4046-936C-05D841F25F94}"
EndProject
Project("{FAE04EC0-301F-11D3-BF4B-00C04F79EFBC}") = "Inventory.Model", "Inventory.Model\Inventory.Model.csproj", "{7849E779-BCDC-40D1-BEEC-29B83E2278BF}"
EndProject
Project("{FAE04EC0-301F-11D3-BF4B-00C04F79EFBC}") = "Inventory.Web", "Inventory.Web\Inventory.Web.csproj", "{BAB6A44F-D475-4128-8FF9-E2F8D0056382}"
EndProject
Global
	GlobalSection(SolutionConfigurationPlatforms) = preSolution
		Debug|Any CPU = Debug|Any CPU
		Release|Any CPU = Release|Any CPU
	EndGlobalSection
	GlobalSection(ProjectConfigurationPlatforms) = postSolution
		{7D3C1498-A111-41C9-8D3D-CCE4C822616D}.Debug|Any CPU.ActiveCfg = Debug|Any CPU
		{7D3C1498-A111-41C9-8D3D-CCE4C822616D}.Debug|Any CPU.Build.0 = Debug|Any CPU
		{7D3C1498-A111-41C9-8D3D-CCE4C822616D}.Release|Any CPU.ActiveCfg = Release|Any CPU
		{7D3C1498-A111-41C9-8D3D-CCE4C822616D}.Release|Any CPU.Build.0 = Release|Any CPU
		{371086B0-7D28-4799-9160-6614262D4591}.Debug|Any CPU.ActiveCfg = Debug|Any CPU
		{371086B0-7D28-4799-9160-6614262D4591}.Debug|Any CPU.Build.0 = Debug|Any CPU
		{371086B0-7D28-4799-9160-6614262D4591}.Release|Any CPU.ActiveCfg = Release|Any CPU
		{371086B0-7D28-4799-9160-6614262D4591}.Release|Any CPU.Build.0 = Release|Any CPU
		{E8EE310E-573A-4046-936C-05D841F25F94}.Debug|Any CPU.ActiveCfg = Debug|Any CPU
		{E8EE310E-573A-4046-936C-05D841F25F94}.Debug|Any CPU.Build.0 = Debug|Any CPU
		{E8EE310E-573A-4046-936C-05D841F25F94}.Release|Any CPU.ActiveCfg = Release|Any CPU
		{E8EE310E-573A-4046-936C-05D841F25F94}.Release|Any CPU.Build.0 = Release|Any CPU
		{7849E779-BCDC-40D1-BEEC-29B83E2278BF}.Debug|Any CPU.ActiveCfg = Debug|Any CPU
		{7849E779-BCDC-40D1-BEEC-29B83E2278BF}.Debug|Any CPU.Build.0 = Debug|Any CPU
		{7849E779-BCDC-40D1-BEEC-29B83E2278BF}.Release|Any CPU.ActiveCfg = Release|Any CPU
		{7849E779-BCDC-40D1-BEEC-29B83E2278BF}.Release|Any CPU.Build.0 = Release|Any CPU
		{BAB6A44F-D475-4128-8FF9-E2F8D0056382}.Debug|Any CPU.ActiveCfg = Debug|Any CPU
		{BAB6A44F-D475-4128-8FF9-E2F8D0056382}.Debug|Any CPU.Build.0 = Debug|Any CPU
		{BAB6A44F-D475-4128-8FF9-E2F8D0056382}.Release|Any CPU.ActiveCfg = Release|Any CPU
		{BAB6A44F-D475-4128-8FF9-E2F8D0056382}.Release|Any CPU.Build.0 = Release|Any CPU
	EndGlobalSection
	GlobalSection(SolutionProperties) = preSolution
		HideSolutionNode = FALSE
	EndGlobalSection
	GlobalSection(ExtensibilityGlobals) = postSolution
		SolutionGuid = {CC7FF8C2-F4EB-4988-9EF2-16F1B68DAE87}
	EndGlobalSection
EndGlobal
